
Microsoft Visual Studio Solution File, Format Version 12.00
# Visual Studio Version 16
VisualStudioVersion = 16.0.30907.101
MinimumVisualStudioVersion = 10.0.40219.1
Project("{9A19103F-16F7-4668-BE54-9A1E7A4F7556}") = "Entities", "Entities\Entities.csproj", "{1F11B387-1C95-470A-84C8-4D62DBE3EEA9}"
EndProject
Project("{9A19103F-16F7-4668-BE54-9A1E7A4F7556}") = "DataAccess", "DataAccess\DataAccess.csproj", "{7BB879FC-99F7-438A-9E09-9AE5A2285555}"
EndProject
Project("{9A19103F-16F7-4668-BE54-9A1E7A4F7556}") = "Business", "Business\Business.csproj", "{C5396783-CB9C-4B74-B853-7177BFED897D}"
EndProject
Project("{9A19103F-16F7-4668-BE54-9A1E7A4F7556}") = "UIConsole", "UIConsole\UIConsole.csproj", "{7034C07A-2363-48A8-A814-5B3FBD9AE2A5}"
EndProject
Project("{FAE04EC0-301F-11D3-BF4B-00C04F79EFBC}") = "Core", "Core\Core.csproj", "{46170A4B-6BCD-45D9-8450-A0AC8444E654}"
EndProject
Global
	GlobalSection(SolutionConfigurationPlatforms) = preSolution
		Debug|Any CPU = Debug|Any CPU
		Release|Any CPU = Release|Any CPU
	EndGlobalSection
	GlobalSection(ProjectConfigurationPlatforms) = postSolution
		{1F11B387-1C95-470A-84C8-4D62DBE3EEA9}.Debug|Any CPU.ActiveCfg = Debug|Any CPU
		{1F11B387-1C95-470A-84C8-4D62DBE3EEA9}.Debug|Any CPU.Build.0 = Debug|Any CPU
		{1F11B387-1C95-470A-84C8-4D62DBE3EEA9}.Release|Any CPU.ActiveCfg = Release|Any CPU
		{1F11B387-1C95-470A-84C8-4D62DBE3EEA9}.Release|Any CPU.Build.0 = Release|Any CPU
		{7BB879FC-99F7-438A-9E09-9AE5A2285555}.Debug|Any CPU.ActiveCfg = Debug|Any CPU
		{7BB879FC-99F7-438A-9E09-9AE5A2285555}.Debug|Any CPU.Build.0 = Debug|Any CPU
		{7BB879FC-99F7-438A-9E09-9AE5A2285555}.Release|Any CPU.ActiveCfg = Release|Any CPU
		{7BB879FC-99F7-438A-9E09-9AE5A2285555}.Release|Any CPU.Build.0 = Release|Any CPU
		{C5396783-CB9C-4B74-B853-7177BFED897D}.Debug|Any CPU.ActiveCfg = Debug|Any CPU
		{C5396783-CB9C-4B74-B853-7177BFED897D}.Debug|Any CPU.Build.0 = Debug|Any CPU
		{C5396783-CB9C-4B74-B853-7177BFED897D}.Release|Any CPU.ActiveCfg = Release|Any CPU
		{C5396783-CB9C-4B74-B853-7177BFED897D}.Release|Any CPU.Build.0 = Release|Any CPU
		{7034C07A-2363-48A8-A814-5B3FBD9AE2A5}.Debug|Any CPU.ActiveCfg = Debug|Any CPU
		{7034C07A-2363-48A8-A814-5B3FBD9AE2A5}.Debug|Any CPU.Build.0 = Debug|Any CPU
		{7034C07A-2363-48A8-A814-5B3FBD9AE2A5}.Release|Any CPU.ActiveCfg = Release|Any CPU
		{7034C07A-2363-48A8-A814-5B3FBD9AE2A5}.Release|Any CPU.Build.0 = Release|Any CPU
		{46170A4B-6BCD-45D9-8450-A0AC8444E654}.Debug|Any CPU.ActiveCfg = Debug|Any CPU
		{46170A4B-6BCD-45D9-8450-A0AC8444E654}.Debug|Any CPU.Build.0 = Debug|Any CPU
		{46170A4B-6BCD-45D9-8450-A0AC8444E654}.Release|Any CPU.ActiveCfg = Release|Any CPU
		{46170A4B-6BCD-45D9-8450-A0AC8444E654}.Release|Any CPU.Build.0 = Release|Any CPU
	EndGlobalSection
	GlobalSection(SolutionProperties) = preSolution
		HideSolutionNode = FALSE
	EndGlobalSection
	GlobalSection(ExtensibilityGlobals) = postSolution
		SolutionGuid = {6B874892-43CF-4AC1-B4A6-85EF4F9899AA}
	EndGlobalSection
EndGlobal
